{
  "name": "flask-movie-recommendation-main",
  "lockfileVersion": 2,
  "requires": true,
  "packages": {
    "": {
      "devDependencies": {
        "sas": "^3.0.4"
      }
    },
    "node_modules/sas": {
      "version": "3.0.4",
      "resolved": "https://registry.npmjs.org/sas/-/sas-3.0.4.tgz",
      "integrity": "sha512-Fi1sfAdsEpuNR1Ho7/lkrJYFU7kRPusFWFQP401lz0NIFX0OfcWhsUOXzEKyoNzW0TorfdmyC2yGorJ/CiNGqg==",
      "dev": true
    }
  },
  "dependencies": {
    "sas": {
      "version": "3.0.4",
      "resolved": "https://registry.npmjs.org/sas/-/sas-3.0.4.tgz",
      "integrity": "sha512-Fi1sfAdsEpuNR1Ho7/lkrJYFU7kRPusFWFQP401lz0NIFX0OfcWhsUOXzEKyoNzW0TorfdmyC2yGorJ/CiNGqg==",
      "dev": true
    }
  }
}
